// !$*UTF8*$!
{
	archiveVersion = 1;
	classes = {
	};
	objectVersion = 77;
	objects = {

/* Begin PBXBuildFile section */
		1BF7CE186C11798C01195AFA /* Pods_FaceRecognitionClientTests.framework in Frameworks */ = {isa = PBXBuildFile; fileRef = 1545AD5F119ACA07B7D8F6A8 /* Pods_FaceRecognitionClientTests.framework */; };
		366969322ED982AD0037CB0D /* FirebaseAI in Frameworks */ = {isa = PBXBuildFile; productRef = 366969312ED982AD0037CB0D /* FirebaseAI */; };
		366969342ED982AD0037CB0D /* FirebaseAILogic in Frameworks */ = {isa = PBXBuildFile; productRef = 366969332ED982AD0037CB0D /* FirebaseAILogic */; };
		366969362ED982AD0037CB0D /* FirebaseAnalytics in Frameworks */ = {isa = PBXBuildFile; productRef = 366969352ED982AD0037CB0D /* FirebaseAnalytics */; };
		366969382ED982AD0037CB0D /* FirebaseAnalyticsCore in Frameworks */ = {isa = PBXBuildFile; productRef = 366969372ED982AD0037CB0D /* FirebaseAnalyticsCore */; };
		3669693A2ED982AD0037CB0D /* FirebaseAnalyticsIdentitySupport in Frameworks */ = {isa = PBXBuildFile; productRef = 366969392ED982AD0037CB0D /* FirebaseAnalyticsIdentitySupport */; };
		3669693C2ED982AD0037CB0D /* FirebaseAppCheck in Frameworks */ = {isa = PBXBuildFile; productRef = 3669693B2ED982AD0037CB0D /* FirebaseAppCheck */; };
		3669693E2ED982AD0037CB0D /* FirebaseAppDistribution-Beta in Frameworks */ = {isa = PBXBuildFile; productRef = 3669693D2ED982AD0037CB0D /* FirebaseAppDistribution-Beta */; };
		366969402ED982AD0037CB0D /* FirebaseAuth in Frameworks */ = {isa = PBXBuildFile; productRef = 3669693F2ED982AD0037CB0D /* FirebaseAuth */; };
		366969422ED982AD0037CB0D /* FirebaseAuthCombine-Community in Frameworks */ = {isa = PBXBuildFile; productRef = 366969412ED982AD0037CB0D /* FirebaseAuthCombine-Community */; };
		366969442ED982AD0037CB0D /* FirebaseCore in Frameworks */ = {isa = PBXBuildFile; productRef = 366969432ED982AD0037CB0D /* FirebaseCore */; };
		366969462ED982AD0037CB0D /* FirebaseCrashlytics in Frameworks */ = {isa = PBXBuildFile; productRef = 366969452ED982AD0037CB0D /* FirebaseCrashlytics */; };
		366969482ED982AD0037CB0D /* FirebaseDatabase in Frameworks */ = {isa = PBXBuildFile; productRef = 366969472ED982AD0037CB0D /* FirebaseDatabase */; };
		3669694A2ED982AD0037CB0D /* FirebaseFirestore in Frameworks */ = {isa = PBXBuildFile; productRef = 366969492ED982AD0037CB0D /* FirebaseFirestore */; };
		3669694C2ED982AD0037CB0D /* FirebaseFirestoreCombine-Community in Frameworks */ = {isa = PBXBuildFile; productRef = 3669694B2ED982AD0037CB0D /* FirebaseFirestoreCombine-Community */; };
		3669694E2ED982AD0037CB0D /* FirebaseFunctions in Frameworks */ = {isa = PBXBuildFile; productRef = 3669694D2ED982AD0037CB0D /* FirebaseFunctions */; };
		366969502ED982AD0037CB0D /* FirebaseFunctionsCombine-Community in Frameworks */ = {isa = PBXBuildFile; productRef = 3669694F2ED982AD0037CB0D /* FirebaseFunctionsCombine-Community */; };
		366969522ED982AD0037CB0D /* FirebaseInAppMessaging-Beta in Frameworks */ = {isa = PBXBuildFile; productRef = 366969512ED982AD0037CB0D /* FirebaseInAppMessaging-Beta */; };
		366969542ED982AD0037CB0D /* FirebaseInstallations in Frameworks */ = {isa = PBXBuildFile; productRef = 366969532ED982AD0037CB0D /* FirebaseInstallations */; };
		366969562ED982AD0037CB0D /* FirebaseMLModelDownloader in Frameworks */ = {isa = PBXBuildFile; productRef = 366969552ED982AD0037CB0D /* FirebaseMLModelDownloader */; };
		366969582ED982AD0037CB0D /* FirebaseMessaging in Frameworks */ = {isa = PBXBuildFile; productRef = 366969572ED982AD0037CB0D /* FirebaseMessaging */; };
		3669695A2ED982AD0037CB0D /* FirebasePerformance in Frameworks */ = {isa = PBXBuildFile; productRef = 366969592ED982AD0037CB0D /* FirebasePerformance */; };
		3669695C2ED982AD0037CB0D /* FirebaseRemoteConfig in Frameworks */ = {isa = PBXBuildFile; productRef = 3669695B2ED982AD0037CB0D /* FirebaseRemoteConfig */; };
		3669695E2ED982AD0037CB0D /* FirebaseStorage in Frameworks */ = {isa = PBXBuildFile; productRef = 3669695D2ED982AD0037CB0D /* FirebaseStorage */; };
		366969602ED982AD0037CB0D /* FirebaseStorageCombine-Community in Frameworks */ = {isa = PBXBuildFile; productRef = 3669695F2ED982AD0037CB0D /* FirebaseStorageCombine-Community */; };
		4BD96AD3E46254176914E5DF /* Pods_FaceRecognitionClient_FaceRecognitionClientUITests.framework in Frameworks */ = {isa = PBXBuildFile; fileRef = 0430BCA9BEB69E43A34F7CD3 /* Pods_FaceRecognitionClient_FaceRecognitionClientUITests.framework */; };
		6A73E097FFC51B0BF9C8DE5C /* Pods_FaceRecognitionClient.framework in Frameworks */ = {isa = PBXBuildFile; fileRef = 3EA438AD4FFACDC28BDEB008 /* Pods_FaceRecognitionClient.framework */; };
/* End PBXBuildFile section */

/* Begin PBXContainerItemProxy section */
		366968A62ED976AE0037CB0D /* PBXContainerItemProxy */ = {
			isa = PBXContainerItemProxy;
			containerPortal = 366968902ED976AE0037CB0D /* Project object */;
			proxyType = 1;
			remoteGlobalIDString = 366968972ED976AE0037CB0D;
			remoteInfo = FaceRecognitionClient;
		};
		366968B02ED976AF0037CB0D /* PBXContainerItemProxy */ = {
			isa = PBXContainerItemProxy;
			containerPortal = 366968902ED976AE0037CB0D /* Project object */;
			proxyType = 1;
			remoteGlobalIDString = 366968972ED976AE0037CB0D;
			remoteInfo = FaceRecognitionClient;
		};
/* End PBXContainerItemProxy section */

/* Begin PBXFileReference section */
		0430BCA9BEB69E43A34F7CD3 /* Pods_FaceRecognitionClient_FaceRecognitionClientUITests.framework */ = {isa = PBXFileReference; explicitFileType = wrapper.framework; includeInIndex = 0; path = Pods_FaceRecognitionClient_FaceRecognitionClientUITests.framework; sourceTree = BUILT_PRODUCTS_DIR; };
		0F4F2E0E9B6642CDDB6E3C3C /* Pods-FaceRecognitionClient.debug.xcconfig */ = {isa = PBXFileReference; includeInIndex = 1; lastKnownFileType = text.xcconfig; name = "Pods-FaceRecognitionClient.debug.xcconfig"; path = "Target Support Files/Pods-FaceRecognitionClient/Pods-FaceRecognitionClient.debug.xcconfig"; sourceTree = "<group>"; };
		1545AD5F119ACA07B7D8F6A8 /* Pods_FaceRecognitionClientTests.framework */ = {isa = PBXFileReference; explicitFileType = wrapper.framework; includeInIndex = 0; path = Pods_FaceRecognitionClientTests.framework; sourceTree = BUILT_PRODUCTS_DIR; };
		1796E5C963D83CFF7AB8E0BA /* Pods-FaceRecognitionClientTests.release.xcconfig */ = {isa = PBXFileReference; includeInIndex = 1; lastKnownFileType = text.xcconfig; name = "Pods-FaceRecognitionClientTests.release.xcconfig"; path = "Target Support Files/Pods-FaceRecognitionClientTests/Pods-FaceRecognitionClientTests.release.xcconfig"; sourceTree = "<group>"; };
		366968982ED976AE0037CB0D /* FaceRecognitionClient.app */ = {isa = PBXFileReference; explicitFileType = wrapper.application; includeInIndex = 0; path = FaceRecognitionClient.app; sourceTree = BUILT_PRODUCTS_DIR; };
		366968A52ED976AE0037CB0D /* FaceRecognitionClientTests.xctest */ = {isa = PBXFileReference; explicitFileType = wrapper.cfbundle; includeInIndex = 0; path = FaceRecognitionClientTests.xctest; sourceTree = BUILT_PRODUCTS_DIR; };
		366968AF2ED976AF0037CB0D /* FaceRecognitionClientUITests.xctest */ = {isa = PBXFileReference; explicitFileType = wrapper.cfbundle; includeInIndex = 0; path = FaceRecognitionClientUITests.xctest; sourceTree = BUILT_PRODUCTS_DIR; };
		3C67A124544BD0D8AFD66D6C /* Pods-FaceRecognitionClient-FaceRecognitionClientUITests.debug.xcconfig */ = {isa = PBXFileReference; includeInIndex = 1; lastKnownFileType = text.xcconfig; name = "Pods-FaceRecognitionClient-FaceRecognitionClientUITests.debug.xcconfig"; path = "Target Support Files/Pods-FaceRecognitionClient-FaceRecognitionClientUITests/Pods-FaceRecognitionClient-FaceRecognitionClientUITests.debug.xcconfig"; sourceTree = "<group>"; };
		3EA438AD4FFACDC28BDEB008 /* Pods_FaceRecognitionClient.framework */ = {isa = PBXFileReference; explicitFileType = wrapper.framework; includeInIndex = 0; path = Pods_FaceRecognitionClient.framework; sourceTree = BUILT_PRODUCTS_DIR; };
		A737BA0B1D2C5F270246D3F9 /* Pods-FaceRecognitionClientTests.debug.xcconfig */ = {isa = PBXFileReference; includeInIndex = 1; lastKnownFileType = text.xcconfig; name = "Pods-FaceRecognitionClientTests.debug.xcconfig"; path = "Target Support Files/Pods-FaceRecognitionClientTests/Pods-FaceRecognitionClientTests.debug.xcconfig"; sourceTree = "<group>"; };
		B91ADAE3433DF7D4CB986D95 /* Pods-FaceRecognitionClient.release.xcconfig */ = {isa = PBXFileReference; includeInIndex = 1; lastKnownFileType = text.xcconfig; name = "Pods-FaceRecognitionClient.release.xcconfig"; path = "Target Support Files/Pods-FaceRecognitionClient/Pods-FaceRecognitionClient.release.xcconfig"; sourceTree = "<group>"; };
		C1A13C2CC4627050BC13F8CA /* Pods-FaceRecognitionClient-FaceRecognitionClientUITests.release.xcconfig */ = {isa = PBXFileReference; includeInIndex = 1; lastKnownFileType = text.xcconfig; name = "Pods-FaceRecognitionClient-FaceRecognitionClientUITests.release.xcconfig"; path = "Target Support Files/Pods-FaceRecognitionClient-FaceRecognitionClientUITests/Pods-FaceRecognitionClient-FaceRecognitionClientUITests.release.xcconfig"; sourceTree = "<group>"; };
/* End PBXFileReference section */

/* Begin PBXFileSystemSynchronizedRootGroup section */
		3669689A2ED976AE0037CB0D /* FaceRecognitionClient */ = {
			isa = PBXFileSystemSynchronizedRootGroup;
			path = FaceRecognitionClient;
			sourceTree = "<group>";
		};
		366968A82ED976AE0037CB0D /* FaceRecognitionClientTests */ = {
			isa = PBXFileSystemSynchronizedRootGroup;
			path = FaceRecognitionClientTests;
			sourceTree = "<group>";
		};
		366968B22ED976AF0037CB0D /* FaceRecognitionClientUITests */ = {
			isa = PBXFileSystemSynchronizedRootGroup;
			path = FaceRecognitionClientUITests;
			sourceTree = "<group>";
		};
/* End PBXFileSystemSynchronizedRootGroup section */

/* Begin PBXFrameworksBuildPhase section */
		366968952ED976AE0037CB0D /* Frameworks */ = {
			isa = PBXFrameworksBuildPhase;
			buildActionMask = 2147483647;
			files = (
				3669693E2ED982AD0037CB0D /* FirebaseAppDistribution-Beta in Frameworks */,
				3669694A2ED982AD0037CB0D /* FirebaseFirestore in Frameworks */,
				366969422ED982AD0037CB0D /* FirebaseAuthCombine-Community in Frameworks */,
				366969542ED982AD0037CB0D /* FirebaseInstallations in Frameworks */,
				366969342ED982AD0037CB0D /* FirebaseAILogic in Frameworks */,
				3669693A2ED982AD0037CB0D /* FirebaseAnalyticsIdentitySupport in Frameworks */,
				366969522ED982AD0037CB0D /* FirebaseInAppMessaging-Beta in Frameworks */,
				366969322ED982AD0037CB0D /* FirebaseAI in Frameworks */,
				366969462ED982AD0037CB0D /* FirebaseCrashlytics in Frameworks */,
				366969502ED982AD0037CB0D /* FirebaseFunctionsCombine-Community in Frameworks */,
				366969602ED982AD0037CB0D /* FirebaseStorageCombine-Community in Frameworks */,
				366969482ED982AD0037CB0D /* FirebaseDatabase in Frameworks */,
				3669695E2ED982AD0037CB0D /* FirebaseStorage in Frameworks */,
				3669695C2ED982AD0037CB0D /* FirebaseRemoteConfig in Frameworks */,
				366969362ED982AD0037CB0D /* FirebaseAnalytics in Frameworks */,
				366969582ED982AD0037CB0D /* FirebaseMessaging in Frameworks */,
				366969562ED982AD0037CB0D /* FirebaseMLModelDownloader in Frameworks */,
				3669695A2ED982AD0037CB0D /* FirebasePerformance in Frameworks */,
				366969442ED982AD0037CB0D /* FirebaseCore in Frameworks */,
				3669693C2ED982AD0037CB0D /* FirebaseAppCheck in Frameworks */,
				366969382ED982AD0037CB0D /* FirebaseAnalyticsCore in Frameworks */,
				3669694E2ED982AD0037CB0D /* FirebaseFunctions in Frameworks */,
				366969402ED982AD0037CB0D /* FirebaseAuth in Frameworks */,
				3669694C2ED982AD0037CB0D /* FirebaseFirestoreCombine-Community in Frameworks */,
				6A73E097FFC51B0BF9C8DE5C /* Pods_FaceRecognitionClient.framework in Frameworks */,
			);
			runOnlyForDeploymentPostprocessing = 0;
		};
		366968A22ED976AE0037CB0D /* Frameworks */ = {
			isa = PBXFrameworksBuildPhase;
			buildActionMask = 2147483647;
			files = (
				1BF7CE186C11798C01195AFA /* Pods_FaceRecognitionClientTests.framework in Frameworks */,
			);
			runOnlyForDeploymentPostprocessing = 0;
		};
		366968AC2ED976AE0037CB0D /* Frameworks */ = {
			isa = PBXFrameworksBuildPhase;
			buildActionMask = 2147483647;
			files = (
				4BD96AD3E46254176914E5DF /* Pods_FaceRecognitionClient_FaceRecognitionClientUITests.framework in Frameworks */,
			);
			runOnlyForDeploymentPostprocessing = 0;
		};
/* End PBXFrameworksBuildPhase section */

/* Begin PBXGroup section */
		3669688F2ED976AE0037CB0D = {
			isa = PBXGroup;
			children = (
				3669689A2ED976AE0037CB0D /* FaceRecognitionClient */,
				366968A82ED976AE0037CB0D /* FaceRecognitionClientTests */,
				366968B22ED976AF0037CB0D /* FaceRecognitionClientUITests */,
				366968992ED976AE0037CB0D /* Products */,
				B15DEAE43D48168FFA84248F /* Pods */,
				44AA9ACA905761525C31714E /* Frameworks */,
			);
			sourceTree = "<group>";
		};
		366968992ED976AE0037CB0D /* Products */ = {
			isa = PBXGroup;
			children = (
				366968982ED976AE0037CB0D /* FaceRecognitionClient.app */,
				366968A52ED976AE0037CB0D /* FaceRecognitionClientTests.xctest */,
				366968AF2ED976AF0037CB0D /* FaceRecognitionClientUITests.xctest */,
			);
			name = Products;
			sourceTree = "<group>";
		};
		44AA9ACA905761525C31714E /* Frameworks */ = {
			isa = PBXGroup;
			children = (
				3EA438AD4FFACDC28BDEB008 /* Pods_FaceRecognitionClient.framework */,
				0430BCA9BEB69E43A34F7CD3 /* Pods_FaceRecognitionClient_FaceRecognitionClientUITests.framework */,
				1545AD5F119ACA07B7D8F6A8 /* Pods_FaceRecognitionClientTests.framework */,
			);
			name = Frameworks;
			sourceTree = "<group>";
		};
		B15DEAE43D48168FFA84248F /* Pods */ = {
			isa = PBXGroup;
			children = (
				0F4F2E0E9B6642CDDB6E3C3C /* Pods-FaceRecognitionClient.debug.xcconfig */,
				B91ADAE3433DF7D4CB986D95 /* Pods-FaceRecognitionClient.release.xcconfig */,
				3C67A124544BD0D8AFD66D6C /* Pods-FaceRecognitionClient-FaceRecognitionClientUITests.debug.xcconfig */,
				C1A13C2CC4627050BC13F8CA /* Pods-FaceRecognitionClient-FaceRecognitionClientUITests.release.xcconfig */,
				A737BA0B1D2C5F270246D3F9 /* Pods-FaceRecognitionClientTests.debug.xcconfig */,
				1796E5C963D83CFF7AB8E0BA /* Pods-FaceRecognitionClientTests.release.xcconfig */,
			);
			path = Pods;
			sourceTree = "<group>";
		};
/* End PBXGroup section */

/* Begin PBXNativeTarget section */
		366968972ED976AE0037CB0D /* FaceRecognitionClient */ = {
			isa = PBXNativeTarget;
			buildConfigurationList = 366968B92ED976AF0037CB0D /* Build configuration list for PBXNativeTarget "FaceRecognitionClient" */;
			buildPhases = (
				E4CEBDE3C1BC10D02B00C355 /* [CP] Check Pods Manifest.lock */,
				366968942ED976AE0037CB0D /* Sources */,
				366968952ED976AE0037CB0D /* Frameworks */,
				366968962ED976AE0037CB0D /* Resources */,
			);
			buildRules = (
			);
			dependencies = (
			);
			fileSystemSynchronizedGroups = (
				3669689A2ED976AE0037CB0D /* FaceRecognitionClient */,
			);
			name = FaceRecognitionClient;
			packageProductDependencies = (
				366969312ED982AD0037CB0D /* FirebaseAI */,
				366969332ED982AD0037CB0D /* FirebaseAILogic */,
				366969352ED982AD0037CB0D /* FirebaseAnalytics */,
				366969372ED982AD0037CB0D /* FirebaseAnalyticsCore */,
				366969392ED982AD0037CB0D /* FirebaseAnalyticsIdentitySupport */,
				3669693B2ED982AD0037CB0D /* FirebaseAppCheck */,
				3669693D2ED982AD0037CB0D /* FirebaseAppDistribution-Beta */,
				3669693F2ED982AD0037CB0D /* FirebaseAuth */,
				366969412ED982AD0037CB0D /* FirebaseAuthCombine-Community */,
				366969432ED982AD0037CB0D /* FirebaseCore */,
				366969452ED982AD0037CB0D /* FirebaseCrashlytics */,
				366969472ED982AD0037CB0D /* FirebaseDatabase */,
				366969492ED982AD0037CB0D /* FirebaseFirestore */,
				3669694B2ED982AD0037CB0D /* FirebaseFirestoreCombine-Community */,
				3669694D2ED982AD0037CB0D /* FirebaseFunctions */,
				3669694F2ED982AD0037CB0D /* FirebaseFunctionsCombine-Community */,
				366969512ED982AD0037CB0D /* FirebaseInAppMessaging-Beta */,
				366969532ED982AD0037CB0D /* FirebaseInstallations */,
				366969552ED982AD0037CB0D /* FirebaseMLModelDownloader */,
				366969572ED982AD0037CB0D /* FirebaseMessaging */,
				366969592ED982AD0037CB0D /* FirebasePerformance */,
				3669695B2ED982AD0037CB0D /* FirebaseRemoteConfig */,
				3669695D2ED982AD0037CB0D /* FirebaseStorage */,
				3669695F2ED982AD0037CB0D /* FirebaseStorageCombine-Community */,
			);
			productName = FaceRecognitionClient;
			productReference = 366968982ED976AE0037CB0D /* FaceRecognitionClient.app */;
			productType = "com.apple.product-type.application";
		};
		366968A42ED976AE0037CB0D /* FaceRecognitionClientTests */ = {
			isa = PBXNativeTarget;
			buildConfigurationList = 366968BC2ED976AF0037CB0D /* Build configuration list for PBXNativeTarget "FaceRecognitionClientTests" */;
			buildPhases = (
				516DFB5621B92BB1333B5240 /* [CP] Check Pods Manifest.lock */,
				366968A12ED976AE0037CB0D /* Sources */,
				366968A22ED976AE0037CB0D /* Frameworks */,
				366968A32ED976AE0037CB0D /* Resources */,
			);
			buildRules = (
			);
			dependencies = (
				366968A72ED976AE0037CB0D /* PBXTargetDependency */,
			);
			fileSystemSynchronizedGroups = (
				366968A82ED976AE0037CB0D /* FaceRecognitionClientTests */,
			);
			name = FaceRecognitionClientTests;
			productName = FaceRecognitionClientTests;
			productReference = 366968A52ED976AE0037CB0D /* FaceRecognitionClientTests.xctest */;
			productType = "com.apple.product-type.bundle.unit-test";
		};
		366968AE2ED976AE0037CB0D /* FaceRecognitionClientUITests */ = {
			isa = PBXNativeTarget;
			buildConfigurationList = 366968BF2ED976AF0037CB0D /* Build configuration list for PBXNativeTarget "FaceRecognitionClientUITests" */;
			buildPhases = (
				86F6E43B669B84D504698884 /* [CP] Check Pods Manifest.lock */,
				366968AB2ED976AE0037CB0D /* Sources */,
				366968AC2ED976AE0037CB0D /* Frameworks */,
				366968AD2ED976AE0037CB0D /* Resources */,
			);
			buildRules = (
			);
			dependencies = (
				366968B12ED976AF0037CB0D /* PBXTargetDependency */,
			);
			fileSystemSynchronizedGroups = (
				366968B22ED976AF0037CB0D /* FaceRecognitionClientUITests */,
			);
			name = FaceRecognitionClientUITests;
			productName = FaceRecognitionClientUITests;
			productReference = 366968AF2ED976AF0037CB0D /* FaceRecognitionClientUITests.xctest */;
			productType = "com.apple.product-type.bundle.ui-testing";
		};
/* End PBXNativeTarget section */

/* Begin PBXProject section */
		366968902ED976AE0037CB0D /* Project object */ = {
			isa = PBXProject;
			attributes = {
				BuildIndependentTargetsInParallel = 1;
				LastSwiftUpdateCheck = 2610;
				LastUpgradeCheck = 2610;
				TargetAttributes = {
					366968972ED976AE0037CB0D = {
						CreatedOnToolsVersion = 26.1.1;
					};
					366968A42ED976AE0037CB0D = {
						CreatedOnToolsVersion = 26.1.1;
						TestTargetID = 366968972ED976AE0037CB0D;
					};
					366968AE2ED976AE0037CB0D = {
						CreatedOnToolsVersion = 26.1.1;
						TestTargetID = 366968972ED976AE0037CB0D;
					};
				};
			};
			buildConfigurationList = 366968932ED976AE0037CB0D /* Build configuration list for PBXProject "FaceRecognitionClient" */;
			developmentRegion = en;
			hasScannedForEncodings = 0;
			knownRegions = (
				en,
				Base,
			);
			mainGroup = 3669688F2ED976AE0037CB0D;
			minimizedProjectReferenceProxies = 1;
			packageReferences = (
				366969302ED982AD0037CB0D /* XCRemoteSwiftPackageReference "firebase-ios-sdk" */,
			);
			preferredProjectObjectVersion = 77;
			productRefGroup = 366968992ED976AE0037CB0D /* Products */;
			projectDirPath = "";
			projectRoot = "";
			targets = (
				366968972ED976AE0037CB0D /* FaceRecognitionClient */,
				366968A42ED976AE0037CB0D /* FaceRecognitionClientTests */,
				366968AE2ED976AE0037CB0D /* FaceRecognitionClientUITests */,
			);
		};
/* End PBXProject section */

/* Begin PBXResourcesBuildPhase section */
		366968962ED976AE0037CB0D /* Resources */ = {
			isa = PBXResourcesBuildPhase;
			buildActionMask = 2147483647;
			files = (
			);
			runOnlyForDeploymentPostprocessing = 0;
		};
		366968A32ED976AE0037CB0D /* Resources */ = {
			isa = PBXResourcesBuildPhase;
			buildActionMask = 2147483647;
			files = (
			);
			runOnlyForDeploymentPostprocessing = 0;
		};
		366968AD2ED976AE0037CB0D /* Resources */ = {
			isa = PBXResourcesBuildPhase;
			buildActionMask = 2147483647;
			files = (
			);
			runOnlyForDeploymentPostprocessing = 0;
		};
/* End PBXResourcesBuildPhase section */

/* Begin PBXShellScriptBuildPhase section */
		516DFB5621B92BB1333B5240 /* [CP] Check Pods Manifest.lock */ = {
			isa = PBXShellScriptBuildPhase;
			buildActionMask = 2147483647;
			files = (
			);
			inputFileListPaths = (
			);
			inputPaths = (
				"${PODS_PODFILE_DIR_PATH}/Podfile.lock",
				"${PODS_ROOT}/Manifest.lock",
			);
			name = "[CP] Check Pods Manifest.lock";
			outputFileListPaths = (
			);
			outputPaths = (
				"$(DERIVED_FILE_DIR)/Pods-FaceRecognitionClientTests-checkManifestLockResult.txt",
			);
			runOnlyForDeploymentPostprocessing = 0;
			shellPath = /bin/sh;
			shellScript = "diff \"${PODS_PODFILE_DIR_PATH}/Podfile.lock\" \"${PODS_ROOT}/Manifest.lock\" > /dev/null\nif [ $? != 0 ] ; then\n    # print error to STDERR\n    echo \"error: The sandbox is not in sync with the Podfile.lock. Run 'pod install' or update your CocoaPods installation.\" >&2\n    exit 1\nfi\n# This output is used by Xcode 'outputs' to avoid re-running this script phase.\necho \"SUCCESS\" > \"${SCRIPT_OUTPUT_FILE_0}\"\n";
			showEnvVarsInLog = 0;
		};
		86F6E43B669B84D504698884 /* [CP] Check Pods Manifest.lock */ = {
			isa = PBXShellScriptBuildPhase;
			buildActionMask = 2147483647;
			files = (
			);
			inputFileListPaths = (
			);
			inputPaths = (
				"${PODS_PODFILE_DIR_PATH}/Podfile.lock",
				"${PODS_ROOT}/Manifest.lock",
			);
			name = "[CP] Check Pods Manifest.lock";
			outputFileListPaths = (
			);
			outputPaths = (
				"$(DERIVED_FILE_DIR)/Pods-FaceRecognitionClient-FaceRecognitionClientUITests-checkManifestLockResult.txt",
			);
			runOnlyForDeploymentPostprocessing = 0;
			shellPath = /bin/sh;
			shellScript = "diff \"${PODS_PODFILE_DIR_PATH}/Podfile.lock\" \"${PODS_ROOT}/Manifest.lock\" > /dev/null\nif [ $? != 0 ] ; then\n    # print error to STDERR\n    echo \"error: The sandbox is not in sync with the Podfile.lock. Run 'pod install' or update your CocoaPods installation.\" >&2\n    exit 1\nfi\n# This output is used by Xcode 'outputs' to avoid re-running this script phase.\necho \"SUCCESS\" > \"${SCRIPT_OUTPUT_FILE_0}\"\n";
			showEnvVarsInLog = 0;
		};
		E4CEBDE3C1BC10D02B00C355 /* [CP] Check Pods Manifest.lock */ = {
			isa = PBXShellScriptBuildPhase;
			buildActionMask = 2147483647;
			files = (
			);
			inputFileListPaths = (
			);
			inputPaths = (
				"${PODS_PODFILE_DIR_PATH}/Podfile.lock",
				"${PODS_ROOT}/Manifest.lock",
			);
			name = "[CP] Check Pods Manifest.lock";
			outputFileListPaths = (
			);
			outputPaths = (
				"$(DERIVED_FILE_DIR)/Pods-FaceRecognitionClient-checkManifestLockResult.txt",
			);
			runOnlyForDeploymentPostprocessing = 0;
			shellPath = /bin/sh;
			shellScript = "diff \"${PODS_PODFILE_DIR_PATH}/Podfile.lock\" \"${PODS_ROOT}/Manifest.lock\" > /dev/null\nif [ $? != 0 ] ; then\n    # print error to STDERR\n    echo \"error: The sandbox is not in sync with the Podfile.lock. Run 'pod install' or update your CocoaPods installation.\" >&2\n    exit 1\nfi\n# This output is used by Xcode 'outputs' to avoid re-running this script phase.\necho \"SUCCESS\" > \"${SCRIPT_OUTPUT_FILE_0}\"\n";
			showEnvVarsInLog = 0;
		};
/* End PBXShellScriptBuildPhase section */

/* Begin PBXSourcesBuildPhase section */
		366968942ED976AE0037CB0D /* Sources */ = {
			isa = PBXSourcesBuildPhase;
			buildActionMask = 2147483647;
			files = (
			);
			runOnlyForDeploymentPostprocessing = 0;
		};
		366968A12ED976AE0037CB0D /* Sources */ = {
			isa = PBXSourcesBuildPhase;
			buildActionMask = 2147483647;
			files = (
			);
			runOnlyForDeploymentPostprocessing = 0;
		};
		366968AB2ED976AE0037CB0D /* Sources */ = {
			isa = PBXSourcesBuildPhase;
			buildActionMask = 2147483647;
			files = (
			);
			runOnlyForDeploymentPostprocessing = 0;
		};
/* End PBXSourcesBuildPhase section */

/* Begin PBXTargetDependency section */
		366968A72ED976AE0037CB0D /* PBXTargetDependency */ = {
			isa = PBXTargetDependency;
			target = 366968972ED976AE0037CB0D /* FaceRecognitionClient */;
			targetProxy = 366968A62ED976AE0037CB0D /* PBXContainerItemProxy */;
		};
		366968B12ED976AF0037CB0D /* PBXTargetDependency */ = {
			isa = PBXTargetDependency;
			target = 366968972ED976AE0037CB0D /* FaceRecognitionClient */;
			targetProxy = 366968B02ED976AF0037CB0D /* PBXContainerItemProxy */;
		};
/* End PBXTargetDependency section */

/* Begin XCBuildConfiguration section */
		366968B72ED976AF0037CB0D /* Debug */ = {
			isa = XCBuildConfiguration;
			buildSettings = {
				ALWAYS_SEARCH_USER_PATHS = NO;
				ASSETCATALOG_COMPILER_GENERATE_SWIFT_ASSET_SYMBOL_EXTENSIONS = YES;
				CLANG_ANALYZER_NONNULL = YES;
				CLANG_ANALYZER_NUMBER_OBJECT_CONVERSION = YES_AGGRESSIVE;
				CLANG_CXX_LANGUAGE_STANDARD = "gnu++20";
				CLANG_ENABLE_MODULES = YES;
				CLANG_ENABLE_OBJC_ARC = YES;
				CLANG_ENABLE_OBJC_WEAK = YES;
				CLANG_WARN_BLOCK_CAPTURE_AUTORELEASING = YES;
				CLANG_WARN_BOOL_CONVERSION = YES;
				CLANG_WARN_COMMA = YES;
				CLANG_WARN_CONSTANT_CONVERSION = YES;
				CLANG_WARN_DEPRECATED_OBJC_IMPLEMENTATIONS = YES;
				CLANG_WARN_DIRECT_OBJC_ISA_USAGE = YES_ERROR;
				CLANG_WARN_DOCUMENTATION_COMMENTS = YES;
				CLANG_WARN_EMPTY_BODY = YES;
				CLANG_WARN_ENUM_CONVERSION = YES;
				CLANG_WARN_INFINITE_RECURSION = YES;
				CLANG_WARN_INT_CONVERSION = YES;
				CLANG_WARN_NON_LITERAL_NULL_CONVERSION = YES;
				CLANG_WARN_OBJC_IMPLICIT_RETAIN_SELF = YES;
				CLANG_WARN_OBJC_LITERAL_CONVERSION = YES;
				CLANG_WARN_OBJC_ROOT_CLASS = YES_ERROR;
				CLANG_WARN_QUOTED_INCLUDE_IN_FRAMEWORK_HEADER = YES;
				CLANG_WARN_RANGE_LOOP_ANALYSIS = YES;
				CLANG_WARN_STRICT_PROTOTYPES = YES;
				CLANG_WARN_SUSPICIOUS_MOVE = YES;
				CLANG_WARN_UNGUARDED_AVAILABILITY = YES_AGGRESSIVE;
				CLANG_WARN_UNREACHABLE_CODE = YES;
				CLANG_WARN__DUPLICATE_METHOD_MATCH = YES;
				COPY_PHASE_STRIP = NO;
				DEBUG_INFORMATION_FORMAT = dwarf;
				DEVELOPMENT_TEAM = 4CQ2C6B32M;
				ENABLE_STRICT_OBJC_MSGSEND = YES;
				ENABLE_TESTABILITY = YES;
				ENABLE_USER_SCRIPT_SANDBOXING = YES;
				GCC_C_LANGUAGE_STANDARD = gnu17;
				GCC_DYNAMIC_NO_PIC = NO;
				GCC_NO_COMMON_BLOCKS = YES;
				GCC_OPTIMIZATION_LEVEL = 0;
				GCC_PREPROCESSOR_DEFINITIONS = (
					"DEBUG=1",
					"$(inherited)",
				);
				GCC_WARN_64_TO_32_BIT_CONVERSION = YES;
				GCC_WARN_ABOUT_RETURN_TYPE = YES_ERROR;
				GCC_WARN_UNDECLARED_SELECTOR = YES;
				GCC_WARN_UNINITIALIZED_AUTOS = YES_AGGRESSIVE;
				GCC_WARN_UNUSED_FUNCTION = YES;
				GCC_WARN_UNUSED_VARIABLE = YES;
				IPHONEOS_DEPLOYMENT_TARGET = 26.0;
				LOCALIZATION_PREFERS_STRING_CATALOGS = YES;
				MTL_ENABLE_DEBUG_INFO = INCLUDE_SOURCE;
				MTL_FAST_MATH = YES;
				ONLY_ACTIVE_ARCH = YES;
				SDKROOT = iphoneos;
				SWIFT_ACTIVE_COMPILATION_CONDITIONS = "DEBUG $(inherited)";
				SWIFT_OPTIMIZATION_LEVEL = "-Onone";
			};
			name = Debug;
		};
		366968B82ED976AF0037CB0D /* Release */ = {
			isa = XCBuildConfiguration;
			buildSettings = {
				ALWAYS_SEARCH_USER_PATHS = NO;
				ASSETCATALOG_COMPILER_GENERATE_SWIFT_ASSET_SYMBOL_EXTENSIONS = YES;
				CLANG_ANALYZER_NONNULL = YES;
				CLANG_ANALYZER_NUMBER_OBJECT_CONVERSION = YES_AGGRESSIVE;
				CLANG_CXX_LANGUAGE_STANDARD = "gnu++20";
				CLANG_ENABLE_MODULES = YES;
				CLANG_ENABLE_OBJC_ARC = YES;
				CLANG_ENABLE_OBJC_WEAK = YES;
				CLANG_WARN_BLOCK_CAPTURE_AUTORELEASING = YES;
				CLANG_WARN_BOOL_CONVERSION = YES;
				CLANG_WARN_COMMA = YES;
				CLANG_WARN_CONSTANT_CONVERSION = YES;
				CLANG_WARN_DEPRECATED_OBJC_IMPLEMENTATIONS = YES;
				CLANG_WARN_DIRECT_OBJC_ISA_USAGE = YES_ERROR;
				CLANG_WARN_DOCUMENTATION_COMMENTS = YES;
				CLANG_WARN_EMPTY_BODY = YES;
				CLANG_WARN_ENUM_CONVERSION = YES;
				CLANG_WARN_INFINITE_RECURSION = YES;
				CLANG_WARN_INT_CONVERSION = YES;
				CLANG_WARN_NON_LITERAL_NULL_CONVERSION = YES;
				CLANG_WARN_OBJC_IMPLICIT_RETAIN_SELF = YES;
				CLANG_WARN_OBJC_LITERAL_CONVERSION = YES;
				CLANG_WARN_OBJC_ROOT_CLASS = YES_ERROR;
				CLANG_WARN_QUOTED_INCLUDE_IN_FRAMEWORK_HEADER = YES;
				CLANG_WARN_RANGE_LOOP_ANALYSIS = YES;
				CLANG_WARN_STRICT_PROTOTYPES = YES;
				CLANG_WARN_SUSPICIOUS_MOVE = YES;
				CLANG_WARN_UNGUARDED_AVAILABILITY = YES_AGGRESSIVE;
				CLANG_WARN_UNREACHABLE_CODE = YES;
				CLANG_WARN__DUPLICATE_METHOD_MATCH = YES;
				COPY_PHASE_STRIP = NO;
				DEBUG_INFORMATION_FORMAT = "dwarf-with-dsym";
				DEVELOPMENT_TEAM = 4CQ2C6B32M;
				ENABLE_NS_ASSERTIONS = NO;
				ENABLE_STRICT_OBJC_MSGSEND = YES;
				ENABLE_USER_SCRIPT_SANDBOXING = YES;
				GCC_C_LANGUAGE_STANDARD = gnu17;
				GCC_NO_COMMON_BLOCKS = YES;
				GCC_WARN_64_TO_32_BIT_CONVERSION = YES;
				GCC_WARN_ABOUT_RETURN_TYPE = YES_ERROR;
				GCC_WARN_UNDECLARED_SELECTOR = YES;
				GCC_WARN_UNINITIALIZED_AUTOS = YES_AGGRESSIVE;
				GCC_WARN_UNUSED_FUNCTION = YES;
				GCC_WARN_UNUSED_VARIABLE = YES;
				IPHONEOS_DEPLOYMENT_TARGET = 26.0;
				LOCALIZATION_PREFERS_STRING_CATALOGS = YES;
				MTL_ENABLE_DEBUG_INFO = NO;
				MTL_FAST_MATH = YES;
				SDKROOT = iphoneos;
				SWIFT_COMPILATION_MODE = wholemodule;
				VALIDATE_PRODUCT = YES;
			};
			name = Release;
		};
		366968BA2ED976AF0037CB0D /* Debug */ = {
			isa = XCBuildConfiguration;
			baseConfigurationReference = 0F4F2E0E9B6642CDDB6E3C3C /* Pods-FaceRecognitionClient.debug.xcconfig */;
			buildSettings = {
				ASSETCATALOG_COMPILER_APPICON_NAME = AppIcon;
				ASSETCATALOG_COMPILER_GLOBAL_ACCENT_COLOR_NAME = AccentColor;
				CODE_SIGN_STYLE = Automatic;
				CURRENT_PROJECT_VERSION = 1;
				DEVELOPMENT_TEAM = 4CQ2C6B32M;
				ENABLE_PREVIEWS = YES;
				GENERATE_INFOPLIST_FILE = YES;
				INFOPLIST_KEY_CFBundleDisplayName = "Tuition Center";
				INFOPLIST_KEY_LSApplicationQueriesSchemes = whatsapp;
				INFOPLIST_KEY_NSCameraUsageDescription = "Camera access is required to capture student faces for attendance check-in.";
				INFOPLIST_KEY_NSPhotoLibraryUsageDescription = "Photo library access for face recognition testing";
				INFOPLIST_KEY_UIApplicationSceneManifest_Generation = YES;
				INFOPLIST_KEY_UIApplicationSupportsIndirectInputEvents = YES;
				INFOPLIST_KEY_UILaunchScreen_Generation = YES;
				INFOPLIST_KEY_UISupportedInterfaceOrientations_iPad = "UIInterfaceOrientationPortrait UIInterfaceOrientationPortraitUpsideDown UIInterfaceOrientationLandscapeLeft UIInterfaceOrientationLandscapeRight";
				INFOPLIST_KEY_UISupportedInterfaceOrientations_iPhone = "UIInterfaceOrientationPortrait UIInterfaceOrientationLandscapeLeft UIInterfaceOrientationLandscapeRight";
				LD_RUNPATH_SEARCH_PATHS = (
					"$(inherited)",
					"@executable_path/Frameworks",
				);
				MARKETING_VERSION = 1.0;
				PRODUCT_BUNDLE_IDENTIFIER = nano.FaceRecognitionClient;
				PRODUCT_NAME = "$(TARGET_NAME)";
				STRING_CATALOG_GENERATE_SYMBOLS = YES;
				SWIFT_APPROACHABLE_CONCURRENCY = YES;
				SWIFT_DEFAULT_ACTOR_ISOLATION = MainActor;
				SWIFT_EMIT_LOC_STRINGS = YES;
				SWIFT_UPCOMING_FEATURE_MEMBER_IMPORT_VISIBILITY = YES;
				SWIFT_VERSION = 5.0;
				TARGETED_DEVICE_FAMILY = "1,2";
			};
			name = Debug;
		};
		366968BB2ED976AF0037CB0D /* Release */ = {
			isa = XCBuildConfiguration;
			baseConfigurationReference = B91ADAE3433DF7D4CB986D95 /* Pods-FaceRecognitionClient.release.xcconfig */;
			buildSettings = {
				ASSETCATALOG_COMPILER_APPICON_NAME = AppIcon;
				ASSETCATALOG_COMPILER_GLOBAL_ACCENT_COLOR_NAME = AccentColor;
				CODE_SIGN_STYLE = Automatic;
				CURRENT_PROJECT_VERSION = 1;
				DEVELOPMENT_TEAM = 4CQ2C6B32M;
				ENABLE_PREVIEWS = YES;
				GENERATE_INFOPLIST_FILE = YES;
				INFOPLIST_KEY_CFBundleDisplayName = "Tuition Center";
				INFOPLIST_KEY_LSApplicationQueriesSchemes = whatsapp;
				INFOPLIST_KEY_NSCameraUsageDescription = "Camera access is required to capture student faces for attendance check-in.";
				INFOPLIST_KEY_NSPhotoLibraryUsageDescription = "Photo library access for face recognition testing";
				INFOPLIST_KEY_UIApplicationSceneManifest_Generation = YES;
				INFOPLIST_KEY_UIApplicationSupportsIndirectInputEvents = YES;
				INFOPLIST_KEY_UILaunchScreen_Generation = YES;
				INFOPLIST_KEY_UISupportedInterfaceOrientations_iPad = "UIInterfaceOrientationPortrait UIInterfaceOrientationPortraitUpsideDown UIInterfaceOrientationLandscapeLeft UIInterfaceOrientationLandscapeRight";
				INFOPLIST_KEY_UISupportedInterfaceOrientations_iPhone = "UIInterfaceOrientationPortrait UIInterfaceOrientationLandscapeLeft UIInterfaceOrientationLandscapeRight";
				LD_RUNPATH_SEARCH_PATHS = (
					"$(inherited)",
					"@executable_path/Frameworks",
				);
				MARKETING_VERSION = 1.0;
				PRODUCT_BUNDLE_IDENTIFIER = nano.FaceRecognitionClient;
				PRODUCT_NAME = "$(TARGET_NAME)";
				STRING_CATALOG_GENERATE_SYMBOLS = YES;
				SWIFT_APPROACHABLE_CONCURRENCY = YES;
				SWIFT_DEFAULT_ACTOR_ISOLATION = MainActor;
				SWIFT_EMIT_LOC_STRINGS = YES;
				SWIFT_UPCOMING_FEATURE_MEMBER_IMPORT_VISIBILITY = YES;
				SWIFT_VERSION = 5.0;
				TARGETED_DEVICE_FAMILY = "1,2";
			};
			name = Release;
		};
		366968BD2ED976AF0037CB0D /* Debug */ = {
			isa = XCBuildConfiguration;
			baseConfigurationReference = A737BA0B1D2C5F270246D3F9 /* Pods-FaceRecognitionClientTests.debug.xcconfig */;
			buildSettings = {
				BUNDLE_LOADER = "$(TEST_HOST)";
				CODE_SIGN_STYLE = Automatic;
				CURRENT_PROJECT_VERSION = 1;
				DEVELOPMENT_TEAM = 4CQ2C6B32M;
				GENERATE_INFOPLIST_FILE = YES;
				IPHONEOS_DEPLOYMENT_TARGET = 26.0;
				MARKETING_VERSION = 1.0;
				PRODUCT_BUNDLE_IDENTIFIER = nano.FaceRecognitionClientTests;
				PRODUCT_NAME = "$(TARGET_NAME)";
				STRING_CATALOG_GENERATE_SYMBOLS = NO;
				SWIFT_APPROACHABLE_CONCURRENCY = YES;
				SWIFT_EMIT_LOC_STRINGS = NO;
				SWIFT_UPCOMING_FEATURE_MEMBER_IMPORT_VISIBILITY = YES;
				SWIFT_VERSION = 5.0;
				TARGETED_DEVICE_FAMILY = "1,2";
				TEST_HOST = "$(BUILT_PRODUCTS_DIR)/FaceRecognitionClient.app/$(BUNDLE_EXECUTABLE_FOLDER_PATH)/FaceRecognitionClient";
			};
			name = Debug;
		};
		366968BE2ED976AF0037CB0D /* Release */ = {
			isa = XCBuildConfiguration;
			baseConfigurationReference = 1796E5C963D83CFF7AB8E0BA /* Pods-FaceRecognitionClientTests.release.xcconfig */;
			buildSettings = {
				BUNDLE_LOADER = "$(TEST_HOST)";
				CODE_SIGN_STYLE = Automatic;
				CURRENT_PROJECT_VERSION = 1;
				DEVELOPMENT_TEAM = 4CQ2C6B32M;
				GENERATE_INFOPLIST_FILE = YES;
				IPHONEOS_DEPLOYMENT_TARGET = 26.0;
				MARKETING_VERSION = 1.0;
				PRODUCT_BUNDLE_IDENTIFIER = nano.FaceRecognitionClientTests;
				PRODUCT_NAME = "$(TARGET_NAME)";
				STRING_CATALOG_GENERATE_SYMBOLS = NO;
				SWIFT_APPROACHABLE_CONCURRENCY = YES;
				SWIFT_EMIT_LOC_STRINGS = NO;
				SWIFT_UPCOMING_FEATURE_MEMBER_IMPORT_VISIBILITY = YES;
				SWIFT_VERSION = 5.0;
				TARGETED_DEVICE_FAMILY = "1,2";
				TEST_HOST = "$(BUILT_PRODUCTS_DIR)/FaceRecognitionClient.app/$(BUNDLE_EXECUTABLE_FOLDER_PATH)/FaceRecognitionClient";
			};
			name = Release;
		};
		366968C02ED976AF0037CB0D /* Debug */ = {
			isa = XCBuildConfiguration;
			baseConfigurationReference = 3C67A124544BD0D8AFD66D6C /* Pods-FaceRecognitionClient-FaceRecognitionClientUITests.debug.xcconfig */;
			buildSettings = {
				CODE_SIGN_STYLE = Automatic;
				CURRENT_PROJECT_VERSION = 1;
				DEVELOPMENT_TEAM = 4CQ2C6B32M;
				GENERATE_INFOPLIST_FILE = YES;
				MARKETING_VERSION = 1.0;
				PRODUCT_BUNDLE_IDENTIFIER = nano.FaceRecognitionClientUITests;
				PRODUCT_NAME = "$(TARGET_NAME)";
				STRING_CATALOG_GENERATE_SYMBOLS = NO;
				SWIFT_APPROACHABLE_CONCURRENCY = YES;
				SWIFT_EMIT_LOC_STRINGS = NO;
				SWIFT_UPCOMING_FEATURE_MEMBER_IMPORT_VISIBILITY = YES;
				SWIFT_VERSION = 5.0;
				TARGETED_DEVICE_FAMILY = "1,2";
				TEST_TARGET_NAME = FaceRecognitionClient;
			};
			name = Debug;
		};
		366968C12ED976AF0037CB0D /* Release */ = {
			isa = XCBuildConfiguration;
			baseConfigurationReference = C1A13C2CC4627050BC13F8CA /* Pods-FaceRecognitionClient-FaceRecognitionClientUITests.release.xcconfig */;
			buildSettings = {
				CODE_SIGN_STYLE = Automatic;
				CURRENT_PROJECT_VERSION = 1;
				DEVELOPMENT_TEAM = 4CQ2C6B32M;
				GENERATE_INFOPLIST_FILE = YES;
				MARKETING_VERSION = 1.0;
				PRODUCT_BUNDLE_IDENTIFIER = nano.FaceRecognitionClientUITests;
				PRODUCT_NAME = "$(TARGET_NAME)";
				STRING_CATALOG_GENERATE_SYMBOLS = NO;
				SWIFT_APPROACHABLE_CONCURRENCY = YES;
				SWIFT_EMIT_LOC_STRINGS = NO;
				SWIFT_UPCOMING_FEATURE_MEMBER_IMPORT_VISIBILITY = YES;
				SWIFT_VERSION = 5.0;
				TARGETED_DEVICE_FAMILY = "1,2";
				TEST_TARGET_NAME = FaceRecognitionClient;
			};
			name = Release;
		};
/* End XCBuildConfiguration section */

/* Begin XCConfigurationList section */
		366968932ED976AE0037CB0D /* Build configuration list for PBXProject "FaceRecognitionClient" */ = {
			isa = XCConfigurationList;
			buildConfigurations = (
				366968B72ED976AF0037CB0D /* Debug */,
				366968B82ED976AF0037CB0D /* Release */,
			);
			defaultConfigurationIsVisible = 0;
			defaultConfigurationName = Release;
		};
		366968B92ED976AF0037CB0D /* Build configuration list for PBXNativeTarget "FaceRecognitionClient" */ = {
			isa = XCConfigurationList;
			buildConfigurations = (
				366968BA2ED976AF0037CB0D /* Debug */,
				366968BB2ED976AF0037CB0D /* Release */,
			);
			defaultConfigurationIsVisible = 0;
			defaultConfigurationName = Release;
		};
		366968BC2ED976AF0037CB0D /* Build configuration list for PBXNativeTarget "FaceRecognitionClientTests" */ = {
			isa = XCConfigurationList;
			buildConfigurations = (
				366968BD2ED976AF0037CB0D /* Debug */,
				366968BE2ED976AF0037CB0D /* Release */,
			);
			defaultConfigurationIsVisible = 0;
			defaultConfigurationName = Release;
		};
		366968BF2ED976AF0037CB0D /* Build configuration list for PBXNativeTarget "FaceRecognitionClientUITests" */ = {
			isa = XCConfigurationList;
			buildConfigurations = (
				366968C02ED976AF0037CB0D /* Debug */,
				366968C12ED976AF0037CB0D /* Release */,
			);
			defaultConfigurationIsVisible = 0;
			defaultConfigurationName = Release;
		};
/* End XCConfigurationList section */

/* Begin XCRemoteSwiftPackageReference section */
		366969302ED982AD0037CB0D /* XCRemoteSwiftPackageReference "firebase-ios-sdk" */ = {
			isa = XCRemoteSwiftPackageReference;
			repositoryURL = "https://github.com/firebase/firebase-ios-sdk.git";
			requirement = {
				kind = upToNextMajorVersion;
				minimumVersion = 12.6.0;
			};
		};
/* End XCRemoteSwiftPackageReference section */

/* Begin XCSwiftPackageProductDependency section */
		366969312ED982AD0037CB0D /* FirebaseAI */ = {
			isa = XCSwiftPackageProductDependency;
			package = 366969302ED982AD0037CB0D /* XCRemoteSwiftPackageReference "firebase-ios-sdk" */;
			productName = FirebaseAI;
		};
		366969332ED982AD0037CB0D /* FirebaseAILogic */ = {
			isa = XCSwiftPackageProductDependency;
			package = 366969302ED982AD0037CB0D /* XCRemoteSwiftPackageReference "firebase-ios-sdk" */;
			productName = FirebaseAILogic;
		};
		366969352ED982AD0037CB0D /* FirebaseAnalytics */ = {
			isa = XCSwiftPackageProductDependency;
			package = 366969302ED982AD0037CB0D /* XCRemoteSwiftPackageReference "firebase-ios-sdk" */;
			productName = FirebaseAnalytics;
		};
		366969372ED982AD0037CB0D /* FirebaseAnalyticsCore */ = {
			isa = XCSwiftPackageProductDependency;
			package = 366969302ED982AD0037CB0D /* XCRemoteSwiftPackageReference "firebase-ios-sdk" */;
			productName = FirebaseAnalyticsCore;
		};
		366969392ED982AD0037CB0D /* FirebaseAnalyticsIdentitySupport */ = {
			isa = XCSwiftPackageProductDependency;
			package = 366969302ED982AD0037CB0D /* XCRemoteSwiftPackageReference "firebase-ios-sdk" */;
			productName = FirebaseAnalyticsIdentitySupport;
		};
		3669693B2ED982AD0037CB0D /* FirebaseAppCheck */ = {
			isa = XCSwiftPackageProductDependency;
			package = 366969302ED982AD0037CB0D /* XCRemoteSwiftPackageReference "firebase-ios-sdk" */;
			productName = FirebaseAppCheck;
		};
		3669693D2ED982AD0037CB0D /* FirebaseAppDistribution-Beta */ = {
			isa = XCSwiftPackageProductDependency;
			package = 366969302ED982AD0037CB0D /* XCRemoteSwiftPackageReference "firebase-ios-sdk" */;
			productName = "FirebaseAppDistribution-Beta";
		};
		3669693F2ED982AD0037CB0D /* FirebaseAuth */ = {
			isa = XCSwiftPackageProductDependency;
			package = 366969302ED982AD0037CB0D /* XCRemoteSwiftPackageReference "firebase-ios-sdk" */;
			productName = FirebaseAuth;
		};
		366969412ED982AD0037CB0D /* FirebaseAuthCombine-Community */ = {
			isa = XCSwiftPackageProductDependency;
			package = 366969302ED982AD0037CB0D /* XCRemoteSwiftPackageReference "firebase-ios-sdk" */;
			productName = "FirebaseAuthCombine-Community";
		};
		366969432ED982AD0037CB0D /* FirebaseCore */ = {
			isa = XCSwiftPackageProductDependency;
			package = 366969302ED982AD0037CB0D /* XCRemoteSwiftPackageReference "firebase-ios-sdk" */;
			productName = FirebaseCore;
		};
		366969452ED982AD0037CB0D /* FirebaseCrashlytics */ = {
			isa = XCSwiftPackageProductDependency;
			package = 366969302ED982AD0037CB0D /* XCRemoteSwiftPackageReference "firebase-ios-sdk" */;
			productName = FirebaseCrashlytics;
		};
		366969472ED982AD0037CB0D /* FirebaseDatabase */ = {
			isa = XCSwiftPackageProductDependency;
			package = 366969302ED982AD0037CB0D /* XCRemoteSwiftPackageReference "firebase-ios-sdk" */;
			productName = FirebaseDatabase;
		};
		366969492ED982AD0037CB0D /* FirebaseFirestore */ = {
			isa = XCSwiftPackageProductDependency;
			package = 366969302ED982AD0037CB0D /* XCRemoteSwiftPackageReference "firebase-ios-sdk" */;
			productName = FirebaseFirestore;
		};
		3669694B2ED982AD0037CB0D /* FirebaseFirestoreCombine-Community */ = {
			isa = XCSwiftPackageProductDependency;
			package = 366969302ED982AD0037CB0D /* XCRemoteSwiftPackageReference "firebase-ios-sdk" */;
			productName = "FirebaseFirestoreCombine-Community";
		};
		3669694D2ED982AD0037CB0D /* FirebaseFunctions */ = {
			isa = XCSwiftPackageProductDependency;
			package = 366969302ED982AD0037CB0D /* XCRemoteSwiftPackageReference "firebase-ios-sdk" */;
			productName = FirebaseFunctions;
		};
		3669694F2ED982AD0037CB0D /* FirebaseFunctionsCombine-Community */ = {
			isa = XCSwiftPackageProductDependency;
			package = 366969302ED982AD0037CB0D /* XCRemoteSwiftPackageReference "firebase-ios-sdk" */;
			productName = "FirebaseFunctionsCombine-Community";
		};
		366969512ED982AD0037CB0D /* FirebaseInAppMessaging-Beta */ = {
			isa = XCSwiftPackageProductDependency;
			package = 366969302ED982AD0037CB0D /* XCRemoteSwiftPackageReference "firebase-ios-sdk" */;
			productName = "FirebaseInAppMessaging-Beta";
		};
		366969532ED982AD0037CB0D /* FirebaseInstallations */ = {
			isa = XCSwiftPackageProductDependency;
			package = 366969302ED982AD0037CB0D /* XCRemoteSwiftPackageReference "firebase-ios-sdk" */;
			productName = FirebaseInstallations;
		};
		366969552ED982AD0037CB0D /* FirebaseMLModelDownloader */ = {
			isa = XCSwiftPackageProductDependency;
			package = 366969302ED982AD0037CB0D /* XCRemoteSwiftPackageReference "firebase-ios-sdk" */;
			productName = FirebaseMLModelDownloader;
		};
		366969572ED982AD0037CB0D /* FirebaseMessaging */ = {
			isa = XCSwiftPackageProductDependency;
			package = 366969302ED982AD0037CB0D /* XCRemoteSwiftPackageReference "firebase-ios-sdk" */;
			productName = FirebaseMessaging;
		};
		366969592ED982AD0037CB0D /* FirebasePerformance */ = {
			isa = XCSwiftPackageProductDependency;
			package = 366969302ED982AD0037CB0D /* XCRemoteSwiftPackageReference "firebase-ios-sdk" */;
			productName = FirebasePerformance;
		};
		3669695B2ED982AD0037CB0D /* FirebaseRemoteConfig */ = {
			isa = XCSwiftPackageProductDependency;
			package = 366969302ED982AD0037CB0D /* XCRemoteSwiftPackageReference "firebase-ios-sdk" */;
			productName = FirebaseRemoteConfig;
		};
		3669695D2ED982AD0037CB0D /* FirebaseStorage */ = {
			isa = XCSwiftPackageProductDependency;
			package = 366969302ED982AD0037CB0D /* XCRemoteSwiftPackageReference "firebase-ios-sdk" */;
			productName = FirebaseStorage;
		};
		3669695F2ED982AD0037CB0D /* FirebaseStorageCombine-Community */ = {
			isa = XCSwiftPackageProductDependency;
			package = 366969302ED982AD0037CB0D /* XCRemoteSwiftPackageReference "firebase-ios-sdk" */;
			productName = "FirebaseStorageCombine-Community";
		};
/* End XCSwiftPackageProductDependency section */
	};
	rootObject = 366968902ED976AE0037CB0D /* Project object */;
}
